# THIS IS AN AUTOGENERATED FILE. DO NOT EDIT THIS FILE DIRECTLY.
# yarn lockfile v1


"@openzeppelin/contracts@^4.3.2":
  version "4.3.2"
  resolved "https://registry.yarnpkg.com/@openzeppelin/contracts/-/contracts-4.3.2.tgz#ff80affd6d352dbe1bbc5b4e1833c41afd6283b6"
  integrity sha512-AybF1cesONZStg5kWf6ao9OlqTZuPqddvprc0ky7lrUVOjXeKpmQ2Y9FK+6ygxasb+4aic4O5pneFBfwVsRRRg==

bn.js@^5.2.0:
  version "5.2.0"
  resolved "https://registry.yarnpkg.com/bn.js/-/bn.js-5.2.0.tgz#358860674396c6997771a9d051fcc1b57d4ae002"
  integrity sha512-D7iWRBvnZE8ecXiLj/9wbxH7Tk79fAh8IHaTNq1RWRixsS02W+5qS+iE9yq6RYl0asXx5tw0bLhmT5pIfbSquw==

ganache-time-traveler@^1.0.16:
  version "1.0.16"
  resolved "https://registry.yarnpkg.com/ganache-time-traveler/-/ganache-time-traveler-1.0.16.tgz#9ddeafd72c909ecd3501e4ec628a3af707334b3a"
  integrity sha512-oUaQge9tiT/zzcGqehqJcoH10claKi9QFhq7zI1Wa3KtdPobjgLVMYvqXCJuHCAZoS7sHvLB/N/rSnhmivxaKw==

gitignore@^0.7.0:
  version "0.7.0"
  resolved "https://registry.yarnpkg.com/gitignore/-/gitignore-0.7.0.tgz#062173df62344a572dfd76d98b59c45108562739"
  integrity sha512-6iE891OyeYQYVvdoWI/hcxDWJ0sOngSpIRadxLoYbsnZdqWIUsEfx+IrOpW3d/zWBA/eKYvs6ZZx6ogz2wEGoQ==
